
Microsoft Visual Studio Solution File, Format Version 12.00
# Visual Studio 15
VisualStudioVersion = 15.0.28307.489
MinimumVisualStudioVersion = 10.0.40219.1
Project("{FAE04EC0-301F-11D3-BF4B-00C04F79EFBC}") = "TP WinForm App", "TP WinForm App\TP WinForm App.csproj", "{6624BCEA-C31E-4AB9-9795-FF1243B3B21A}"
EndProject
Project("{FAE04EC0-301F-11D3-BF4B-00C04F79EFBC}") = "Clases", "Clases\Clases.csproj", "{05090CDF-DBA8-40BA-B83B-24DCCA2BE000}"
EndProject
Global
	GlobalSection(SolutionConfigurationPlatforms) = preSolution
		Debug|Any CPU = Debug|Any CPU
		Release|Any CPU = Release|Any CPU
	EndGlobalSection
	GlobalSection(ProjectConfigurationPlatforms) = postSolution
		{6624BCEA-C31E-4AB9-9795-FF1243B3B21A}.Debug|Any CPU.ActiveCfg = Debug|Any CPU
		{6624BCEA-C31E-4AB9-9795-FF1243B3B21A}.Debug|Any CPU.Build.0 = Debug|Any CPU
		{6624BCEA-C31E-4AB9-9795-FF1243B3B21A}.Release|Any CPU.ActiveCfg = Release|Any CPU
		{6624BCEA-C31E-4AB9-9795-FF1243B3B21A}.Release|Any CPU.Build.0 = Release|Any CPU
		{05090CDF-DBA8-40BA-B83B-24DCCA2BE000}.Debug|Any CPU.ActiveCfg = Debug|Any CPU
		{05090CDF-DBA8-40BA-B83B-24DCCA2BE000}.Debug|Any CPU.Build.0 = Debug|Any CPU
		{05090CDF-DBA8-40BA-B83B-24DCCA2BE000}.Release|Any CPU.ActiveCfg = Release|Any CPU
		{05090CDF-DBA8-40BA-B83B-24DCCA2BE000}.Release|Any CPU.Build.0 = Release|Any CPU
	EndGlobalSection
	GlobalSection(SolutionProperties) = preSolution
		HideSolutionNode = FALSE
	EndGlobalSection
	GlobalSection(ExtensibilityGlobals) = postSolution
		SolutionGuid = {AF09BA1F-A39A-400E-A97A-85F787D0DBB3}
	EndGlobalSection
EndGlobal
